
Microsoft Visual Studio Solution File, Format Version 12.00
# Visual Studio 15
Project("{FAE04EC0-301F-11D3-BF4B-00C04F79EFBC}") = "Assembly-CSharp-Editor", "Assembly-CSharp-Editor.csproj", "{8CD22294-DDE4-D303-5819-B8DF3CE16711}"
EndProject
Project("{FAE04EC0-301F-11D3-BF4B-00C04F79EFBC}") = "Assembly-CSharp", "Assembly-CSharp.csproj", "{50F09B44-A13D-B696-1B9A-C2E5C7DEA92E}"
EndProject
Global
	GlobalSection(SolutionConfigurationPlatforms) = preSolution
		Debug|Any CPU = Debug|Any CPU
		Release|Any CPU = Release|Any CPU
	EndGlobalSection
	GlobalSection(ProjectConfigurationPlatforms) = postSolution
		{8CD22294-DDE4-D303-5819-B8DF3CE16711}.Debug|Any CPU.ActiveCfg = Debug|Any CPU
		{8CD22294-DDE4-D303-5819-B8DF3CE16711}.Debug|Any CPU.Build.0 = Debug|Any CPU
		{8CD22294-DDE4-D303-5819-B8DF3CE16711}.Release|Any CPU.ActiveCfg = Release|Any CPU
		{8CD22294-DDE4-D303-5819-B8DF3CE16711}.Release|Any CPU.Build.0 = Release|Any CPU
		{50F09B44-A13D-B696-1B9A-C2E5C7DEA92E}.Debug|Any CPU.ActiveCfg = Debug|Any CPU
		{50F09B44-A13D-B696-1B9A-C2E5C7DEA92E}.Debug|Any CPU.Build.0 = Debug|Any CPU
		{50F09B44-A13D-B696-1B9A-C2E5C7DEA92E}.Release|Any CPU.ActiveCfg = Release|Any CPU
		{50F09B44-A13D-B696-1B9A-C2E5C7DEA92E}.Release|Any CPU.Build.0 = Release|Any CPU
	EndGlobalSection
	GlobalSection(SolutionProperties) = preSolution
		HideSolutionNode = FALSE
	EndGlobalSection
EndGlobal
